
Microsoft Visual Studio Solution File, Format Version 12.00
# Visual Studio 15
VisualStudioVersion = 15.0.26124.0
MinimumVisualStudioVersion = 15.0.26124.0
Project("{FAE04EC0-301F-11D3-BF4B-00C04F79EFBC}") = "menu_2020", "menu_2020\menu_2020.csproj", "{51E5A0A0-D44D-414D-83BA-0126816AF797}"
EndProject
Project("{FAE04EC0-301F-11D3-BF4B-00C04F79EFBC}") = "Ejer01_Triangulo", "Ejer01_Triangulo\Ejer01_Triangulo.csproj", "{8757EA45-27C0-46FE-9532-08592FFB1C49}"
EndProject
Project("{FAE04EC0-301F-11D3-BF4B-00C04F79EFBC}") = "Ejer02_Vendedor", "Ejer02_Vendedor\Ejer02_Vendedor.csproj", "{8BA2BFC4-EB8B-4244-9BED-32F5ADF632EA}"
EndProject
Project("{FAE04EC0-301F-11D3-BF4B-00C04F79EFBC}") = "Ejer03_Alumno", "Ejer03_Alumno\Ejer03_Alumno.csproj", "{1B3CB0EA-DB06-47AA-8E6A-2C9AE0779A2C}"
EndProject
Project("{FAE04EC0-301F-11D3-BF4B-00C04F79EFBC}") = "Ejer04_Cuadrado", "Ejer04_Cuadrado\Ejer04_Cuadrado.csproj", "{08E552E8-237E-4448-9D9F-9361DAC8A11B}"
EndProject
Project("{FAE04EC0-301F-11D3-BF4B-00C04F79EFBC}") = "Ejer06_Producto", "Ejer06_Producto\Ejer06_Producto.csproj", "{5C62FC2E-B662-42EE-9043-ED39AD969532}"
EndProject
Project("{FAE04EC0-301F-11D3-BF4B-00C04F79EFBC}") = "UNI3_Ejemplo", "UNI3_Ejemplo\UNI3_Ejemplo.csproj", "{16BF97AC-4DF8-412D-9B53-5B7916E15D3B}"
EndProject
Project("{FAE04EC0-301F-11D3-BF4B-00C04F79EFBC}") = "UNI3_Eje_List", "UNI3_Eje_List\UNI3_Eje_List.csproj", "{6350F6EE-25A0-48E6-953F-C2F0380B7BEA}"
EndProject
Project("{FAE04EC0-301F-11D3-BF4B-00C04F79EFBC}") = "Ejer05_Rectangulo", "Ejer05_Rectangulo\Ejer05_Rectangulo.csproj", "{E7887528-6FB9-43C7-87AF-65B82911B4BF}"
EndProject
Project("{FAE04EC0-301F-11D3-BF4B-00C04F79EFBC}") = "UNI3_Ejer_en_Clase", "UNI3_Ejer_en_Clase\UNI3_Ejer_en_Clase.csproj", "{A2D1E726-50B0-4256-835C-279E1BB9D483}"
EndProject
Project("{FAE04EC0-301F-11D3-BF4B-00C04F79EFBC}") = "UNI3_Ejer_02", "UNI3_Ejer_02\UNI3_Ejer_02.csproj", "{F0A25F48-55AE-4FD8-B43F-C65DFFC882B4}"
EndProject
Project("{FAE04EC0-301F-11D3-BF4B-00C04F79EFBC}") = "UNI3_Ejer_ClaseAbstracta", "UNI3_Ejer_ClaseAbstracta\UNI3_Ejer_ClaseAbstracta.csproj", "{A0F410D4-5891-422E-8ECD-8633B11F95EF}"
EndProject
Project("{FAE04EC0-301F-11D3-BF4B-00C04F79EFBC}") = "TP_FINAL", "TP_FINAL\TP_FINAL.csproj", "{7CDAC0CA-B2C2-4DC2-BEA3-6AC307EBA519}"
EndProject
Project("{FAE04EC0-301F-11D3-BF4B-00C04F79EFBC}") = "Unidad5_RelacionDeClases", "Unidad5_RelacionDeClases\Unidad5_RelacionDeClases.csproj", "{EF325BBA-413F-4561-9660-AC019F2ECA24}"
EndProject
Global
	GlobalSection(SolutionConfigurationPlatforms) = preSolution
		Debug|Any CPU = Debug|Any CPU
		Debug|x64 = Debug|x64
		Debug|x86 = Debug|x86
		Release|Any CPU = Release|Any CPU
		Release|x64 = Release|x64
		Release|x86 = Release|x86
	EndGlobalSection
	GlobalSection(SolutionProperties) = preSolution
		HideSolutionNode = FALSE
	EndGlobalSection
	GlobalSection(ProjectConfigurationPlatforms) = postSolution
		{186D01F2-13BF-468E-9E44-32783A34CB4D}.Debug|Any CPU.ActiveCfg = Debug|Any CPU
		{186D01F2-13BF-468E-9E44-32783A34CB4D}.Debug|Any CPU.Build.0 = Debug|Any CPU
		{186D01F2-13BF-468E-9E44-32783A34CB4D}.Debug|x64.ActiveCfg = Debug|Any CPU
		{186D01F2-13BF-468E-9E44-32783A34CB4D}.Debug|x64.Build.0 = Debug|Any CPU
		{186D01F2-13BF-468E-9E44-32783A34CB4D}.Debug|x86.ActiveCfg = Debug|Any CPU
		{186D01F2-13BF-468E-9E44-32783A34CB4D}.Debug|x86.Build.0 = Debug|Any CPU
		{186D01F2-13BF-468E-9E44-32783A34CB4D}.Release|Any CPU.ActiveCfg = Release|Any CPU
		{186D01F2-13BF-468E-9E44-32783A34CB4D}.Release|Any CPU.Build.0 = Release|Any CPU
		{186D01F2-13BF-468E-9E44-32783A34CB4D}.Release|x64.ActiveCfg = Release|Any CPU
		{186D01F2-13BF-468E-9E44-32783A34CB4D}.Release|x64.Build.0 = Release|Any CPU
		{186D01F2-13BF-468E-9E44-32783A34CB4D}.Release|x86.ActiveCfg = Release|Any CPU
		{186D01F2-13BF-468E-9E44-32783A34CB4D}.Release|x86.Build.0 = Release|Any CPU
		{38F8A0FE-40E8-4C0F-974A-F0B43B091D68}.Debug|Any CPU.ActiveCfg = Debug|Any CPU
		{38F8A0FE-40E8-4C0F-974A-F0B43B091D68}.Debug|Any CPU.Build.0 = Debug|Any CPU
		{38F8A0FE-40E8-4C0F-974A-F0B43B091D68}.Debug|x64.ActiveCfg = Debug|Any CPU
		{38F8A0FE-40E8-4C0F-974A-F0B43B091D68}.Debug|x64.Build.0 = Debug|Any CPU
		{38F8A0FE-40E8-4C0F-974A-F0B43B091D68}.Debug|x86.ActiveCfg = Debug|Any CPU
		{38F8A0FE-40E8-4C0F-974A-F0B43B091D68}.Debug|x86.Build.0 = Debug|Any CPU
		{38F8A0FE-40E8-4C0F-974A-F0B43B091D68}.Release|Any CPU.ActiveCfg = Release|Any CPU
		{38F8A0FE-40E8-4C0F-974A-F0B43B091D68}.Release|Any CPU.Build.0 = Release|Any CPU
		{38F8A0FE-40E8-4C0F-974A-F0B43B091D68}.Release|x64.ActiveCfg = Release|Any CPU
		{38F8A0FE-40E8-4C0F-974A-F0B43B091D68}.Release|x64.Build.0 = Release|Any CPU
		{38F8A0FE-40E8-4C0F-974A-F0B43B091D68}.Release|x86.ActiveCfg = Release|Any CPU
		{38F8A0FE-40E8-4C0F-974A-F0B43B091D68}.Release|x86.Build.0 = Release|Any CPU
		{4419F806-504A-49CA-AD31-9695C6009766}.Debug|Any CPU.ActiveCfg = Debug|Any CPU
		{4419F806-504A-49CA-AD31-9695C6009766}.Debug|Any CPU.Build.0 = Debug|Any CPU
		{4419F806-504A-49CA-AD31-9695C6009766}.Debug|x64.ActiveCfg = Debug|Any CPU
		{4419F806-504A-49CA-AD31-9695C6009766}.Debug|x64.Build.0 = Debug|Any CPU
		{4419F806-504A-49CA-AD31-9695C6009766}.Debug|x86.ActiveCfg = Debug|Any CPU
		{4419F806-504A-49CA-AD31-9695C6009766}.Debug|x86.Build.0 = Debug|Any CPU
		{4419F806-504A-49CA-AD31-9695C6009766}.Release|Any CPU.ActiveCfg = Release|Any CPU
		{4419F806-504A-49CA-AD31-9695C6009766}.Release|Any CPU.Build.0 = Release|Any CPU
		{4419F806-504A-49CA-AD31-9695C6009766}.Release|x64.ActiveCfg = Release|Any CPU
		{4419F806-504A-49CA-AD31-9695C6009766}.Release|x64.Build.0 = Release|Any CPU
		{4419F806-504A-49CA-AD31-9695C6009766}.Release|x86.ActiveCfg = Release|Any CPU
		{4419F806-504A-49CA-AD31-9695C6009766}.Release|x86.Build.0 = Release|Any CPU
		{DE8C2B87-0567-4B73-9D70-BF12B4E6D42C}.Debug|Any CPU.ActiveCfg = Debug|Any CPU
		{DE8C2B87-0567-4B73-9D70-BF12B4E6D42C}.Debug|Any CPU.Build.0 = Debug|Any CPU
		{DE8C2B87-0567-4B73-9D70-BF12B4E6D42C}.Debug|x64.ActiveCfg = Debug|Any CPU
		{DE8C2B87-0567-4B73-9D70-BF12B4E6D42C}.Debug|x64.Build.0 = Debug|Any CPU
		{DE8C2B87-0567-4B73-9D70-BF12B4E6D42C}.Debug|x86.ActiveCfg = Debug|Any CPU
		{DE8C2B87-0567-4B73-9D70-BF12B4E6D42C}.Debug|x86.Build.0 = Debug|Any CPU
		{DE8C2B87-0567-4B73-9D70-BF12B4E6D42C}.Release|Any CPU.ActiveCfg = Release|Any CPU
		{DE8C2B87-0567-4B73-9D70-BF12B4E6D42C}.Release|Any CPU.Build.0 = Release|Any CPU
		{DE8C2B87-0567-4B73-9D70-BF12B4E6D42C}.Release|x64.ActiveCfg = Release|Any CPU
		{DE8C2B87-0567-4B73-9D70-BF12B4E6D42C}.Release|x64.Build.0 = Release|Any CPU
		{DE8C2B87-0567-4B73-9D70-BF12B4E6D42C}.Release|x86.ActiveCfg = Release|Any CPU
		{DE8C2B87-0567-4B73-9D70-BF12B4E6D42C}.Release|x86.Build.0 = Release|Any CPU
		{85697908-E857-4BDC-9B40-760121DD6D7A}.Debug|Any CPU.ActiveCfg = Debug|Any CPU
		{85697908-E857-4BDC-9B40-760121DD6D7A}.Debug|Any CPU.Build.0 = Debug|Any CPU
		{85697908-E857-4BDC-9B40-760121DD6D7A}.Debug|x64.ActiveCfg = Debug|Any CPU
		{85697908-E857-4BDC-9B40-760121DD6D7A}.Debug|x64.Build.0 = Debug|Any CPU
		{85697908-E857-4BDC-9B40-760121DD6D7A}.Debug|x86.ActiveCfg = Debug|Any CPU
		{85697908-E857-4BDC-9B40-760121DD6D7A}.Debug|x86.Build.0 = Debug|Any CPU
		{85697908-E857-4BDC-9B40-760121DD6D7A}.Release|Any CPU.ActiveCfg = Release|Any CPU
		{85697908-E857-4BDC-9B40-760121DD6D7A}.Release|Any CPU.Build.0 = Release|Any CPU
		{85697908-E857-4BDC-9B40-760121DD6D7A}.Release|x64.ActiveCfg = Release|Any CPU
		{85697908-E857-4BDC-9B40-760121DD6D7A}.Release|x64.Build.0 = Release|Any CPU
		{85697908-E857-4BDC-9B40-760121DD6D7A}.Release|x86.ActiveCfg = Release|Any CPU
		{85697908-E857-4BDC-9B40-760121DD6D7A}.Release|x86.Build.0 = Release|Any CPU
		{8E718BC0-286C-4FF9-B846-745C4D39DA2B}.Debug|Any CPU.ActiveCfg = Debug|Any CPU
		{8E718BC0-286C-4FF9-B846-745C4D39DA2B}.Debug|Any CPU.Build.0 = Debug|Any CPU
		{8E718BC0-286C-4FF9-B846-745C4D39DA2B}.Debug|x64.ActiveCfg = Debug|Any CPU
		{8E718BC0-286C-4FF9-B846-745C4D39DA2B}.Debug|x64.Build.0 = Debug|Any CPU
		{8E718BC0-286C-4FF9-B846-745C4D39DA2B}.Debug|x86.ActiveCfg = Debug|Any CPU
		{8E718BC0-286C-4FF9-B846-745C4D39DA2B}.Debug|x86.Build.0 = Debug|Any CPU
		{8E718BC0-286C-4FF9-B846-745C4D39DA2B}.Release|Any CPU.ActiveCfg = Release|Any CPU
		{8E718BC0-286C-4FF9-B846-745C4D39DA2B}.Release|Any CPU.Build.0 = Release|Any CPU
		{8E718BC0-286C-4FF9-B846-745C4D39DA2B}.Release|x64.ActiveCfg = Release|Any CPU
		{8E718BC0-286C-4FF9-B846-745C4D39DA2B}.Release|x64.Build.0 = Release|Any CPU
		{8E718BC0-286C-4FF9-B846-745C4D39DA2B}.Release|x86.ActiveCfg = Release|Any CPU
		{8E718BC0-286C-4FF9-B846-745C4D39DA2B}.Release|x86.Build.0 = Release|Any CPU
		{E8BCCAA5-E233-4C4D-9977-28702A4E8897}.Debug|Any CPU.ActiveCfg = Debug|Any CPU
		{E8BCCAA5-E233-4C4D-9977-28702A4E8897}.Debug|Any CPU.Build.0 = Debug|Any CPU
		{E8BCCAA5-E233-4C4D-9977-28702A4E8897}.Debug|x64.ActiveCfg = Debug|Any CPU
		{E8BCCAA5-E233-4C4D-9977-28702A4E8897}.Debug|x64.Build.0 = Debug|Any CPU
		{E8BCCAA5-E233-4C4D-9977-28702A4E8897}.Debug|x86.ActiveCfg = Debug|Any CPU
		{E8BCCAA5-E233-4C4D-9977-28702A4E8897}.Debug|x86.Build.0 = Debug|Any CPU
		{E8BCCAA5-E233-4C4D-9977-28702A4E8897}.Release|Any CPU.ActiveCfg = Release|Any CPU
		{E8BCCAA5-E233-4C4D-9977-28702A4E8897}.Release|Any CPU.Build.0 = Release|Any CPU
		{E8BCCAA5-E233-4C4D-9977-28702A4E8897}.Release|x64.ActiveCfg = Release|Any CPU
		{E8BCCAA5-E233-4C4D-9977-28702A4E8897}.Release|x64.Build.0 = Release|Any CPU
		{E8BCCAA5-E233-4C4D-9977-28702A4E8897}.Release|x86.ActiveCfg = Release|Any CPU
		{E8BCCAA5-E233-4C4D-9977-28702A4E8897}.Release|x86.Build.0 = Release|Any CPU
		{770ADC85-EE60-4974-AEF7-57EF4823FD6A}.Debug|Any CPU.ActiveCfg = Debug|Any CPU
		{770ADC85-EE60-4974-AEF7-57EF4823FD6A}.Debug|Any CPU.Build.0 = Debug|Any CPU
		{770ADC85-EE60-4974-AEF7-57EF4823FD6A}.Debug|x64.ActiveCfg = Debug|Any CPU
		{770ADC85-EE60-4974-AEF7-57EF4823FD6A}.Debug|x64.Build.0 = Debug|Any CPU
		{770ADC85-EE60-4974-AEF7-57EF4823FD6A}.Debug|x86.ActiveCfg = Debug|Any CPU
		{770ADC85-EE60-4974-AEF7-57EF4823FD6A}.Debug|x86.Build.0 = Debug|Any CPU
		{770ADC85-EE60-4974-AEF7-57EF4823FD6A}.Release|Any CPU.ActiveCfg = Release|Any CPU
		{770ADC85-EE60-4974-AEF7-57EF4823FD6A}.Release|Any CPU.Build.0 = Release|Any CPU
		{770ADC85-EE60-4974-AEF7-57EF4823FD6A}.Release|x64.ActiveCfg = Release|Any CPU
		{770ADC85-EE60-4974-AEF7-57EF4823FD6A}.Release|x64.Build.0 = Release|Any CPU
		{770ADC85-EE60-4974-AEF7-57EF4823FD6A}.Release|x86.ActiveCfg = Release|Any CPU
		{770ADC85-EE60-4974-AEF7-57EF4823FD6A}.Release|x86.Build.0 = Release|Any CPU
		{51E5A0A0-D44D-414D-83BA-0126816AF797}.Debug|Any CPU.ActiveCfg = Debug|Any CPU
		{51E5A0A0-D44D-414D-83BA-0126816AF797}.Debug|Any CPU.Build.0 = Debug|Any CPU
		{51E5A0A0-D44D-414D-83BA-0126816AF797}.Debug|x64.ActiveCfg = Debug|Any CPU
		{51E5A0A0-D44D-414D-83BA-0126816AF797}.Debug|x64.Build.0 = Debug|Any CPU
		{51E5A0A0-D44D-414D-83BA-0126816AF797}.Debug|x86.ActiveCfg = Debug|Any CPU
		{51E5A0A0-D44D-414D-83BA-0126816AF797}.Debug|x86.Build.0 = Debug|Any CPU
		{51E5A0A0-D44D-414D-83BA-0126816AF797}.Release|Any CPU.ActiveCfg = Release|Any CPU
		{51E5A0A0-D44D-414D-83BA-0126816AF797}.Release|Any CPU.Build.0 = Release|Any CPU
		{51E5A0A0-D44D-414D-83BA-0126816AF797}.Release|x64.ActiveCfg = Release|Any CPU
		{51E5A0A0-D44D-414D-83BA-0126816AF797}.Release|x64.Build.0 = Release|Any CPU
		{51E5A0A0-D44D-414D-83BA-0126816AF797}.Release|x86.ActiveCfg = Release|Any CPU
		{51E5A0A0-D44D-414D-83BA-0126816AF797}.Release|x86.Build.0 = Release|Any CPU
		{8757EA45-27C0-46FE-9532-08592FFB1C49}.Debug|Any CPU.ActiveCfg = Debug|Any CPU
		{8757EA45-27C0-46FE-9532-08592FFB1C49}.Debug|Any CPU.Build.0 = Debug|Any CPU
		{8757EA45-27C0-46FE-9532-08592FFB1C49}.Debug|x64.ActiveCfg = Debug|Any CPU
		{8757EA45-27C0-46FE-9532-08592FFB1C49}.Debug|x64.Build.0 = Debug|Any CPU
		{8757EA45-27C0-46FE-9532-08592FFB1C49}.Debug|x86.ActiveCfg = Debug|Any CPU
		{8757EA45-27C0-46FE-9532-08592FFB1C49}.Debug|x86.Build.0 = Debug|Any CPU
		{8757EA45-27C0-46FE-9532-08592FFB1C49}.Release|Any CPU.ActiveCfg = Release|Any CPU
		{8757EA45-27C0-46FE-9532-08592FFB1C49}.Release|Any CPU.Build.0 = Release|Any CPU
		{8757EA45-27C0-46FE-9532-08592FFB1C49}.Release|x64.ActiveCfg = Release|Any CPU
		{8757EA45-27C0-46FE-9532-08592FFB1C49}.Release|x64.Build.0 = Release|Any CPU
		{8757EA45-27C0-46FE-9532-08592FFB1C49}.Release|x86.ActiveCfg = Release|Any CPU
		{8757EA45-27C0-46FE-9532-08592FFB1C49}.Release|x86.Build.0 = Release|Any CPU
		{8BA2BFC4-EB8B-4244-9BED-32F5ADF632EA}.Debug|Any CPU.ActiveCfg = Debug|Any CPU
		{8BA2BFC4-EB8B-4244-9BED-32F5ADF632EA}.Debug|Any CPU.Build.0 = Debug|Any CPU
		{8BA2BFC4-EB8B-4244-9BED-32F5ADF632EA}.Debug|x64.ActiveCfg = Debug|Any CPU
		{8BA2BFC4-EB8B-4244-9BED-32F5ADF632EA}.Debug|x64.Build.0 = Debug|Any CPU
		{8BA2BFC4-EB8B-4244-9BED-32F5ADF632EA}.Debug|x86.ActiveCfg = Debug|Any CPU
		{8BA2BFC4-EB8B-4244-9BED-32F5ADF632EA}.Debug|x86.Build.0 = Debug|Any CPU
		{8BA2BFC4-EB8B-4244-9BED-32F5ADF632EA}.Release|Any CPU.ActiveCfg = Release|Any CPU
		{8BA2BFC4-EB8B-4244-9BED-32F5ADF632EA}.Release|Any CPU.Build.0 = Release|Any CPU
		{8BA2BFC4-EB8B-4244-9BED-32F5ADF632EA}.Release|x64.ActiveCfg = Release|Any CPU
		{8BA2BFC4-EB8B-4244-9BED-32F5ADF632EA}.Release|x64.Build.0 = Release|Any CPU
		{8BA2BFC4-EB8B-4244-9BED-32F5ADF632EA}.Release|x86.ActiveCfg = Release|Any CPU
		{8BA2BFC4-EB8B-4244-9BED-32F5ADF632EA}.Release|x86.Build.0 = Release|Any CPU
		{1B3CB0EA-DB06-47AA-8E6A-2C9AE0779A2C}.Debug|Any CPU.ActiveCfg = Debug|Any CPU
		{1B3CB0EA-DB06-47AA-8E6A-2C9AE0779A2C}.Debug|Any CPU.Build.0 = Debug|Any CPU
		{1B3CB0EA-DB06-47AA-8E6A-2C9AE0779A2C}.Debug|x64.ActiveCfg = Debug|Any CPU
		{1B3CB0EA-DB06-47AA-8E6A-2C9AE0779A2C}.Debug|x64.Build.0 = Debug|Any CPU
		{1B3CB0EA-DB06-47AA-8E6A-2C9AE0779A2C}.Debug|x86.ActiveCfg = Debug|Any CPU
		{1B3CB0EA-DB06-47AA-8E6A-2C9AE0779A2C}.Debug|x86.Build.0 = Debug|Any CPU
		{1B3CB0EA-DB06-47AA-8E6A-2C9AE0779A2C}.Release|Any CPU.ActiveCfg = Release|Any CPU
		{1B3CB0EA-DB06-47AA-8E6A-2C9AE0779A2C}.Release|Any CPU.Build.0 = Release|Any CPU
		{1B3CB0EA-DB06-47AA-8E6A-2C9AE0779A2C}.Release|x64.ActiveCfg = Release|Any CPU
		{1B3CB0EA-DB06-47AA-8E6A-2C9AE0779A2C}.Release|x64.Build.0 = Release|Any CPU
		{1B3CB0EA-DB06-47AA-8E6A-2C9AE0779A2C}.Release|x86.ActiveCfg = Release|Any CPU
		{1B3CB0EA-DB06-47AA-8E6A-2C9AE0779A2C}.Release|x86.Build.0 = Release|Any CPU
		{08E552E8-237E-4448-9D9F-9361DAC8A11B}.Debug|Any CPU.ActiveCfg = Debug|Any CPU
		{08E552E8-237E-4448-9D9F-9361DAC8A11B}.Debug|Any CPU.Build.0 = Debug|Any CPU
		{08E552E8-237E-4448-9D9F-9361DAC8A11B}.Debug|x64.ActiveCfg = Debug|Any CPU
		{08E552E8-237E-4448-9D9F-9361DAC8A11B}.Debug|x64.Build.0 = Debug|Any CPU
		{08E552E8-237E-4448-9D9F-9361DAC8A11B}.Debug|x86.ActiveCfg = Debug|Any CPU
		{08E552E8-237E-4448-9D9F-9361DAC8A11B}.Debug|x86.Build.0 = Debug|Any CPU
		{08E552E8-237E-4448-9D9F-9361DAC8A11B}.Release|Any CPU.ActiveCfg = Release|Any CPU
		{08E552E8-237E-4448-9D9F-9361DAC8A11B}.Release|Any CPU.Build.0 = Release|Any CPU
		{08E552E8-237E-4448-9D9F-9361DAC8A11B}.Release|x64.ActiveCfg = Release|Any CPU
		{08E552E8-237E-4448-9D9F-9361DAC8A11B}.Release|x64.Build.0 = Release|Any CPU
		{08E552E8-237E-4448-9D9F-9361DAC8A11B}.Release|x86.ActiveCfg = Release|Any CPU
		{08E552E8-237E-4448-9D9F-9361DAC8A11B}.Release|x86.Build.0 = Release|Any CPU
		{5C62FC2E-B662-42EE-9043-ED39AD969532}.Debug|Any CPU.ActiveCfg = Debug|Any CPU
		{5C62FC2E-B662-42EE-9043-ED39AD969532}.Debug|Any CPU.Build.0 = Debug|Any CPU
		{5C62FC2E-B662-42EE-9043-ED39AD969532}.Debug|x64.ActiveCfg = Debug|Any CPU
		{5C62FC2E-B662-42EE-9043-ED39AD969532}.Debug|x64.Build.0 = Debug|Any CPU
		{5C62FC2E-B662-42EE-9043-ED39AD969532}.Debug|x86.ActiveCfg = Debug|Any CPU
		{5C62FC2E-B662-42EE-9043-ED39AD969532}.Debug|x86.Build.0 = Debug|Any CPU
		{5C62FC2E-B662-42EE-9043-ED39AD969532}.Release|Any CPU.ActiveCfg = Release|Any CPU
		{5C62FC2E-B662-42EE-9043-ED39AD969532}.Release|Any CPU.Build.0 = Release|Any CPU
		{5C62FC2E-B662-42EE-9043-ED39AD969532}.Release|x64.ActiveCfg = Release|Any CPU
		{5C62FC2E-B662-42EE-9043-ED39AD969532}.Release|x64.Build.0 = Release|Any CPU
		{5C62FC2E-B662-42EE-9043-ED39AD969532}.Release|x86.ActiveCfg = Release|Any CPU
		{5C62FC2E-B662-42EE-9043-ED39AD969532}.Release|x86.Build.0 = Release|Any CPU
		{16BF97AC-4DF8-412D-9B53-5B7916E15D3B}.Debug|Any CPU.ActiveCfg = Debug|Any CPU
		{16BF97AC-4DF8-412D-9B53-5B7916E15D3B}.Debug|Any CPU.Build.0 = Debug|Any CPU
		{16BF97AC-4DF8-412D-9B53-5B7916E15D3B}.Debug|x64.ActiveCfg = Debug|Any CPU
		{16BF97AC-4DF8-412D-9B53-5B7916E15D3B}.Debug|x64.Build.0 = Debug|Any CPU
		{16BF97AC-4DF8-412D-9B53-5B7916E15D3B}.Debug|x86.ActiveCfg = Debug|Any CPU
		{16BF97AC-4DF8-412D-9B53-5B7916E15D3B}.Debug|x86.Build.0 = Debug|Any CPU
		{16BF97AC-4DF8-412D-9B53-5B7916E15D3B}.Release|Any CPU.ActiveCfg = Release|Any CPU
		{16BF97AC-4DF8-412D-9B53-5B7916E15D3B}.Release|Any CPU.Build.0 = Release|Any CPU
		{16BF97AC-4DF8-412D-9B53-5B7916E15D3B}.Release|x64.ActiveCfg = Release|Any CPU
		{16BF97AC-4DF8-412D-9B53-5B7916E15D3B}.Release|x64.Build.0 = Release|Any CPU
		{16BF97AC-4DF8-412D-9B53-5B7916E15D3B}.Release|x86.ActiveCfg = Release|Any CPU
		{16BF97AC-4DF8-412D-9B53-5B7916E15D3B}.Release|x86.Build.0 = Release|Any CPU
		{6350F6EE-25A0-48E6-953F-C2F0380B7BEA}.Debug|Any CPU.ActiveCfg = Debug|Any CPU
		{6350F6EE-25A0-48E6-953F-C2F0380B7BEA}.Debug|Any CPU.Build.0 = Debug|Any CPU
		{6350F6EE-25A0-48E6-953F-C2F0380B7BEA}.Debug|x64.ActiveCfg = Debug|Any CPU
		{6350F6EE-25A0-48E6-953F-C2F0380B7BEA}.Debug|x64.Build.0 = Debug|Any CPU
		{6350F6EE-25A0-48E6-953F-C2F0380B7BEA}.Debug|x86.ActiveCfg = Debug|Any CPU
		{6350F6EE-25A0-48E6-953F-C2F0380B7BEA}.Debug|x86.Build.0 = Debug|Any CPU
		{6350F6EE-25A0-48E6-953F-C2F0380B7BEA}.Release|Any CPU.ActiveCfg = Release|Any CPU
		{6350F6EE-25A0-48E6-953F-C2F0380B7BEA}.Release|Any CPU.Build.0 = Release|Any CPU
		{6350F6EE-25A0-48E6-953F-C2F0380B7BEA}.Release|x64.ActiveCfg = Release|Any CPU
		{6350F6EE-25A0-48E6-953F-C2F0380B7BEA}.Release|x64.Build.0 = Release|Any CPU
		{6350F6EE-25A0-48E6-953F-C2F0380B7BEA}.Release|x86.ActiveCfg = Release|Any CPU
		{6350F6EE-25A0-48E6-953F-C2F0380B7BEA}.Release|x86.Build.0 = Release|Any CPU
		{E7887528-6FB9-43C7-87AF-65B82911B4BF}.Debug|Any CPU.ActiveCfg = Debug|Any CPU
		{E7887528-6FB9-43C7-87AF-65B82911B4BF}.Debug|Any CPU.Build.0 = Debug|Any CPU
		{E7887528-6FB9-43C7-87AF-65B82911B4BF}.Debug|x64.ActiveCfg = Debug|Any CPU
		{E7887528-6FB9-43C7-87AF-65B82911B4BF}.Debug|x64.Build.0 = Debug|Any CPU
		{E7887528-6FB9-43C7-87AF-65B82911B4BF}.Debug|x86.ActiveCfg = Debug|Any CPU
		{E7887528-6FB9-43C7-87AF-65B82911B4BF}.Debug|x86.Build.0 = Debug|Any CPU
		{E7887528-6FB9-43C7-87AF-65B82911B4BF}.Release|Any CPU.ActiveCfg = Release|Any CPU
		{E7887528-6FB9-43C7-87AF-65B82911B4BF}.Release|Any CPU.Build.0 = Release|Any CPU
		{E7887528-6FB9-43C7-87AF-65B82911B4BF}.Release|x64.ActiveCfg = Release|Any CPU
		{E7887528-6FB9-43C7-87AF-65B82911B4BF}.Release|x64.Build.0 = Release|Any CPU
		{E7887528-6FB9-43C7-87AF-65B82911B4BF}.Release|x86.ActiveCfg = Release|Any CPU
		{E7887528-6FB9-43C7-87AF-65B82911B4BF}.Release|x86.Build.0 = Release|Any CPU
		{A2D1E726-50B0-4256-835C-279E1BB9D483}.Debug|Any CPU.ActiveCfg = Debug|Any CPU
		{A2D1E726-50B0-4256-835C-279E1BB9D483}.Debug|Any CPU.Build.0 = Debug|Any CPU
		{A2D1E726-50B0-4256-835C-279E1BB9D483}.Debug|x64.ActiveCfg = Debug|Any CPU
		{A2D1E726-50B0-4256-835C-279E1BB9D483}.Debug|x64.Build.0 = Debug|Any CPU
		{A2D1E726-50B0-4256-835C-279E1BB9D483}.Debug|x86.ActiveCfg = Debug|Any CPU
		{A2D1E726-50B0-4256-835C-279E1BB9D483}.Debug|x86.Build.0 = Debug|Any CPU
		{A2D1E726-50B0-4256-835C-279E1BB9D483}.Release|Any CPU.ActiveCfg = Release|Any CPU
		{A2D1E726-50B0-4256-835C-279E1BB9D483}.Release|Any CPU.Build.0 = Release|Any CPU
		{A2D1E726-50B0-4256-835C-279E1BB9D483}.Release|x64.ActiveCfg = Release|Any CPU
		{A2D1E726-50B0-4256-835C-279E1BB9D483}.Release|x64.Build.0 = Release|Any CPU
		{A2D1E726-50B0-4256-835C-279E1BB9D483}.Release|x86.ActiveCfg = Release|Any CPU
		{A2D1E726-50B0-4256-835C-279E1BB9D483}.Release|x86.Build.0 = Release|Any CPU
		{F0A25F48-55AE-4FD8-B43F-C65DFFC882B4}.Debug|Any CPU.ActiveCfg = Debug|Any CPU
		{F0A25F48-55AE-4FD8-B43F-C65DFFC882B4}.Debug|Any CPU.Build.0 = Debug|Any CPU
		{F0A25F48-55AE-4FD8-B43F-C65DFFC882B4}.Debug|x64.ActiveCfg = Debug|Any CPU
		{F0A25F48-55AE-4FD8-B43F-C65DFFC882B4}.Debug|x64.Build.0 = Debug|Any CPU
		{F0A25F48-55AE-4FD8-B43F-C65DFFC882B4}.Debug|x86.ActiveCfg = Debug|Any CPU
		{F0A25F48-55AE-4FD8-B43F-C65DFFC882B4}.Debug|x86.Build.0 = Debug|Any CPU
		{F0A25F48-55AE-4FD8-B43F-C65DFFC882B4}.Release|Any CPU.ActiveCfg = Release|Any CPU
		{F0A25F48-55AE-4FD8-B43F-C65DFFC882B4}.Release|Any CPU.Build.0 = Release|Any CPU
		{F0A25F48-55AE-4FD8-B43F-C65DFFC882B4}.Release|x64.ActiveCfg = Release|Any CPU
		{F0A25F48-55AE-4FD8-B43F-C65DFFC882B4}.Release|x64.Build.0 = Release|Any CPU
		{F0A25F48-55AE-4FD8-B43F-C65DFFC882B4}.Release|x86.ActiveCfg = Release|Any CPU
		{F0A25F48-55AE-4FD8-B43F-C65DFFC882B4}.Release|x86.Build.0 = Release|Any CPU
		{A0F410D4-5891-422E-8ECD-8633B11F95EF}.Debug|Any CPU.ActiveCfg = Debug|Any CPU
		{A0F410D4-5891-422E-8ECD-8633B11F95EF}.Debug|Any CPU.Build.0 = Debug|Any CPU
		{A0F410D4-5891-422E-8ECD-8633B11F95EF}.Debug|x64.ActiveCfg = Debug|Any CPU
		{A0F410D4-5891-422E-8ECD-8633B11F95EF}.Debug|x64.Build.0 = Debug|Any CPU
		{A0F410D4-5891-422E-8ECD-8633B11F95EF}.Debug|x86.ActiveCfg = Debug|Any CPU
		{A0F410D4-5891-422E-8ECD-8633B11F95EF}.Debug|x86.Build.0 = Debug|Any CPU
		{A0F410D4-5891-422E-8ECD-8633B11F95EF}.Release|Any CPU.ActiveCfg = Release|Any CPU
		{A0F410D4-5891-422E-8ECD-8633B11F95EF}.Release|Any CPU.Build.0 = Release|Any CPU
		{A0F410D4-5891-422E-8ECD-8633B11F95EF}.Release|x64.ActiveCfg = Release|Any CPU
		{A0F410D4-5891-422E-8ECD-8633B11F95EF}.Release|x64.Build.0 = Release|Any CPU
		{A0F410D4-5891-422E-8ECD-8633B11F95EF}.Release|x86.ActiveCfg = Release|Any CPU
		{A0F410D4-5891-422E-8ECD-8633B11F95EF}.Release|x86.Build.0 = Release|Any CPU
		{7CDAC0CA-B2C2-4DC2-BEA3-6AC307EBA519}.Debug|Any CPU.ActiveCfg = Debug|Any CPU
		{7CDAC0CA-B2C2-4DC2-BEA3-6AC307EBA519}.Debug|Any CPU.Build.0 = Debug|Any CPU
		{7CDAC0CA-B2C2-4DC2-BEA3-6AC307EBA519}.Debug|x64.ActiveCfg = Debug|Any CPU
		{7CDAC0CA-B2C2-4DC2-BEA3-6AC307EBA519}.Debug|x64.Build.0 = Debug|Any CPU
		{7CDAC0CA-B2C2-4DC2-BEA3-6AC307EBA519}.Debug|x86.ActiveCfg = Debug|Any CPU
		{7CDAC0CA-B2C2-4DC2-BEA3-6AC307EBA519}.Debug|x86.Build.0 = Debug|Any CPU
		{7CDAC0CA-B2C2-4DC2-BEA3-6AC307EBA519}.Release|Any CPU.ActiveCfg = Release|Any CPU
		{7CDAC0CA-B2C2-4DC2-BEA3-6AC307EBA519}.Release|Any CPU.Build.0 = Release|Any CPU
		{7CDAC0CA-B2C2-4DC2-BEA3-6AC307EBA519}.Release|x64.ActiveCfg = Release|Any CPU
		{7CDAC0CA-B2C2-4DC2-BEA3-6AC307EBA519}.Release|x64.Build.0 = Release|Any CPU
		{7CDAC0CA-B2C2-4DC2-BEA3-6AC307EBA519}.Release|x86.ActiveCfg = Release|Any CPU
		{7CDAC0CA-B2C2-4DC2-BEA3-6AC307EBA519}.Release|x86.Build.0 = Release|Any CPU
		{EF325BBA-413F-4561-9660-AC019F2ECA24}.Debug|Any CPU.ActiveCfg = Debug|Any CPU
		{EF325BBA-413F-4561-9660-AC019F2ECA24}.Debug|Any CPU.Build.0 = Debug|Any CPU
		{EF325BBA-413F-4561-9660-AC019F2ECA24}.Debug|x64.ActiveCfg = Debug|Any CPU
		{EF325BBA-413F-4561-9660-AC019F2ECA24}.Debug|x64.Build.0 = Debug|Any CPU
		{EF325BBA-413F-4561-9660-AC019F2ECA24}.Debug|x86.ActiveCfg = Debug|Any CPU
		{EF325BBA-413F-4561-9660-AC019F2ECA24}.Debug|x86.Build.0 = Debug|Any CPU
		{EF325BBA-413F-4561-9660-AC019F2ECA24}.Release|Any CPU.ActiveCfg = Release|Any CPU
		{EF325BBA-413F-4561-9660-AC019F2ECA24}.Release|Any CPU.Build.0 = Release|Any CPU
		{EF325BBA-413F-4561-9660-AC019F2ECA24}.Release|x64.ActiveCfg = Release|Any CPU
		{EF325BBA-413F-4561-9660-AC019F2ECA24}.Release|x64.Build.0 = Release|Any CPU
		{EF325BBA-413F-4561-9660-AC019F2ECA24}.Release|x86.ActiveCfg = Release|Any CPU
		{EF325BBA-413F-4561-9660-AC019F2ECA24}.Release|x86.Build.0 = Release|Any CPU
	EndGlobalSection
EndGlobal
